
Microsoft Visual Studio Solution File, Format Version 12.00
# Visual Studio Version 16
VisualStudioVersion = 16.0.31515.178
MinimumVisualStudioVersion = 10.0.40219.1
Project("{FAE04EC0-301F-11D3-BF4B-00C04F79EFBC}") = "SebContactsApp", "SebContactsApp.csproj", "{9B60CCF7-7017-4F48-ABEA-7D1AE2363FCF}"
EndProject
Global
	GlobalSection(SolutionConfigurationPlatforms) = preSolution
		Debug|Any CPU = Debug|Any CPU
		Release|Any CPU = Release|Any CPU
	EndGlobalSection
	GlobalSection(ProjectConfigurationPlatforms) = postSolution
		{9B60CCF7-7017-4F48-ABEA-7D1AE2363FCF}.Debug|Any CPU.ActiveCfg = Debug|Any CPU
		{9B60CCF7-7017-4F48-ABEA-7D1AE2363FCF}.Debug|Any CPU.Build.0 = Debug|Any CPU
		{9B60CCF7-7017-4F48-ABEA-7D1AE2363FCF}.Release|Any CPU.ActiveCfg = Release|Any CPU
		{9B60CCF7-7017-4F48-ABEA-7D1AE2363FCF}.Release|Any CPU.Build.0 = Release|Any CPU
	EndGlobalSection
	GlobalSection(SolutionProperties) = preSolution
		HideSolutionNode = FALSE
	EndGlobalSection
	GlobalSection(ExtensibilityGlobals) = postSolution
		SolutionGuid = {516DB429-6CF3-4965-8FC5-FCEF0CE67D51}
	EndGlobalSection
EndGlobal
